
Microsoft Visual Studio Solution File, Format Version 12.00
# Visual Studio 2013
VisualStudioVersion = 12.0.21005.1
MinimumVisualStudioVersion = 10.0.40219.1
Project("{FAE04EC0-301F-11D3-BF4B-00C04F79EFBC}") = "CrowdSourcing", "CrowdSourcing\CrowdSourcing.csproj", "{EBC3B178-0F92-4D89-B586-5C757B3F2F33}"
EndProject
Project("{FAE04EC0-301F-11D3-BF4B-00C04F79EFBC}") = "BingExperiments", "BingExperiments\BingExperiments.csproj", "{D5BCC095-C2CB-4FB2-ABA7-97050BCDFD1A}"
EndProject
Project("{FAE04EC0-301F-11D3-BF4B-00C04F79EFBC}") = "Test", "Test\Test.csproj", "{A7014656-119D-4AF2-A529-FF365AED8CEE}"
EndProject
Project("{2150E333-8FDC-42A3-9474-1A3956D46DE8}") = "Libs", "Libs", "{579268A4-81DB-4354-87D8-54A5504E7178}"
	ProjectSection(SolutionItems) = preProject
		Libs\Infer.Compiler.dll = Libs\Infer.Compiler.dll
		Libs\Infer.Runtime.dll = Libs\Infer.Runtime.dll
	EndProjectSection
EndProject
Global
	GlobalSection(TeamFoundationVersionControl) = preSolution
		SccNumberOfProjects = 4
		SccEnterpriseProvider = {4CA58AB2-18FA-4F8D-95D4-32DDF27D184C}
		SccTeamFoundationServer = http://vstfmsrc:8080/tfs/mlp
		SccLocalPath0 = .
		SccProjectUniqueName1 = CrowdSourcing\\CrowdSourcing.csproj
		SccProjectName1 = CrowdSourcing
		SccLocalPath1 = CrowdSourcing
		SccProjectUniqueName2 = BingExperiments\\BingExperiments.csproj
		SccProjectName2 = BingExperiments
		SccLocalPath2 = BingExperiments
		SccProjectUniqueName3 = Test\\Test.csproj
		SccProjectName3 = Test
		SccLocalPath3 = Test
	EndGlobalSection
	GlobalSection(SolutionConfigurationPlatforms) = preSolution
		Debug|Any CPU = Debug|Any CPU
		Release|Any CPU = Release|Any CPU
	EndGlobalSection
	GlobalSection(ProjectConfigurationPlatforms) = postSolution
		{EBC3B178-0F92-4D89-B586-5C757B3F2F33}.Debug|Any CPU.ActiveCfg = Debug|Any CPU
		{EBC3B178-0F92-4D89-B586-5C757B3F2F33}.Debug|Any CPU.Build.0 = Debug|Any CPU
		{EBC3B178-0F92-4D89-B586-5C757B3F2F33}.Release|Any CPU.ActiveCfg = Release|Any CPU
		{EBC3B178-0F92-4D89-B586-5C757B3F2F33}.Release|Any CPU.Build.0 = Release|Any CPU
		{D5BCC095-C2CB-4FB2-ABA7-97050BCDFD1A}.Debug|Any CPU.ActiveCfg = Debug|Any CPU
		{D5BCC095-C2CB-4FB2-ABA7-97050BCDFD1A}.Debug|Any CPU.Build.0 = Debug|Any CPU
		{D5BCC095-C2CB-4FB2-ABA7-97050BCDFD1A}.Release|Any CPU.ActiveCfg = Release|Any CPU
		{D5BCC095-C2CB-4FB2-ABA7-97050BCDFD1A}.Release|Any CPU.Build.0 = Release|Any CPU
		{A7014656-119D-4AF2-A529-FF365AED8CEE}.Debug|Any CPU.ActiveCfg = Debug|Any CPU
		{A7014656-119D-4AF2-A529-FF365AED8CEE}.Debug|Any CPU.Build.0 = Debug|Any CPU
		{A7014656-119D-4AF2-A529-FF365AED8CEE}.Release|Any CPU.ActiveCfg = Release|Any CPU
		{A7014656-119D-4AF2-A529-FF365AED8CEE}.Release|Any CPU.Build.0 = Release|Any CPU
	EndGlobalSection
	GlobalSection(SolutionProperties) = preSolution
		HideSolutionNode = FALSE
	EndGlobalSection
EndGlobal
