
Microsoft Visual Studio Solution File, Format Version 12.00
# Visual Studio 2013
VisualStudioVersion = 12.0.30501.0
MinimumVisualStudioVersion = 10.0.40219.1
Project("{FAE04EC0-301F-11D3-BF4B-00C04F79EFBC}") = "ActiveCrowdGUI", "ActiveCrowdGUI\ActiveCrowdGUI.csproj", "{FD196DEB-6A08-4893-B20A-8C5DF2227342}"
EndProject
Project("{FAE04EC0-301F-11D3-BF4B-00C04F79EFBC}") = "CrowdsourcingModels", "CrowdsourcingModels\CrowdsourcingModels.csproj", "{B5616183-6A90-4FA4-9EF9-3C510B70D65F}"
EndProject
Project("{2150E333-8FDC-42A3-9474-1A3956D46DE8}") = "Data", "Data", "{63594EB3-A4E4-48A3-84AE-AD2B248869C8}"
	ProjectSection(SolutionItems) = preProject
		Data\CF.csv = Data\CF.csv
		Data\CF_amt.csv = Data\CF_amt.csv
		Data\MS.csv = Data\MS.csv
		Data\MS_rescale.csv = Data\MS_rescale.csv
		Data\SP.csv = Data\SP.csv
		Data\SP_amt.csv = Data\SP_amt.csv
		Data\ZenCrowd_all.csv = Data\ZenCrowd_all.csv
		Data\ZenCrowd_in.csv = Data\ZenCrowd_in.csv
		Data\ZenCrowd_us.csv = Data\ZenCrowd_us.csv
	EndProjectSection
EndProject
Global
	GlobalSection(SolutionConfigurationPlatforms) = preSolution
		Debug|Any CPU = Debug|Any CPU
		Release|Any CPU = Release|Any CPU
	EndGlobalSection
	GlobalSection(ProjectConfigurationPlatforms) = postSolution
		{FD196DEB-6A08-4893-B20A-8C5DF2227342}.Debug|Any CPU.ActiveCfg = Debug|Any CPU
		{FD196DEB-6A08-4893-B20A-8C5DF2227342}.Debug|Any CPU.Build.0 = Debug|Any CPU
		{FD196DEB-6A08-4893-B20A-8C5DF2227342}.Release|Any CPU.ActiveCfg = Release|Any CPU
		{FD196DEB-6A08-4893-B20A-8C5DF2227342}.Release|Any CPU.Build.0 = Release|Any CPU
		{B5616183-6A90-4FA4-9EF9-3C510B70D65F}.Debug|Any CPU.ActiveCfg = Debug|Any CPU
		{B5616183-6A90-4FA4-9EF9-3C510B70D65F}.Debug|Any CPU.Build.0 = Debug|Any CPU
		{B5616183-6A90-4FA4-9EF9-3C510B70D65F}.Release|Any CPU.ActiveCfg = Release|Any CPU
		{B5616183-6A90-4FA4-9EF9-3C510B70D65F}.Release|Any CPU.Build.0 = Release|Any CPU
	EndGlobalSection
	GlobalSection(SolutionProperties) = preSolution
		HideSolutionNode = FALSE
	EndGlobalSection
EndGlobal
